
Microsoft Visual Studio Solution File, Format Version 12.00
# Visual Studio 15
VisualStudioVersion = 15.0.28307.1145
MinimumVisualStudioVersion = 10.0.40219.1
Project("{FAE04EC0-301F-11D3-BF4B-00C04F79EFBC}") = "ParseSites", "ParseSites\ParseSites.csproj", "{2168F9F4-894B-417B-8BFE-2F0130509498}"
EndProject
Global
	GlobalSection(SolutionConfigurationPlatforms) = preSolution
		Debug|Any CPU = Debug|Any CPU
		Release|Any CPU = Release|Any CPU
	EndGlobalSection
	GlobalSection(ProjectConfigurationPlatforms) = postSolution
		{2168F9F4-894B-417B-8BFE-2F0130509498}.Debug|Any CPU.ActiveCfg = Debug|Any CPU
		{2168F9F4-894B-417B-8BFE-2F0130509498}.Debug|Any CPU.Build.0 = Debug|Any CPU
		{2168F9F4-894B-417B-8BFE-2F0130509498}.Release|Any CPU.ActiveCfg = Release|Any CPU
		{2168F9F4-894B-417B-8BFE-2F0130509498}.Release|Any CPU.Build.0 = Release|Any CPU
	EndGlobalSection
	GlobalSection(SolutionProperties) = preSolution
		HideSolutionNode = FALSE
	EndGlobalSection
	GlobalSection(ExtensibilityGlobals) = postSolution
		SolutionGuid = {65003837-3C71-467A-9F0B-B86554FD30F9}
	EndGlobalSection
EndGlobal
