
Microsoft Visual Studio Solution File, Format Version 12.00
# Visual Studio 15
VisualStudioVersion = 15.0.28307.1145
MinimumVisualStudioVersion = 10.0.40219.1
Project("{9A19103F-16F7-4668-BE54-9A1E7A4F7556}") = "TestBot", "TestBot\TestBot.csproj", "{9A3D9F9D-F1A3-4946-A8D5-7B675168FAAC}"
EndProject
Project("{9A19103F-16F7-4668-BE54-9A1E7A4F7556}") = "ParseSites", "ParseSites\ParseSites\ParseSites.csproj", "{FD7C9884-41BD-4E9A-8964-947F25EF5800}"
EndProject
Global
	GlobalSection(SolutionConfigurationPlatforms) = preSolution
		Debug|Any CPU = Debug|Any CPU
		Release|Any CPU = Release|Any CPU
	EndGlobalSection
	GlobalSection(ProjectConfigurationPlatforms) = postSolution
		{9A3D9F9D-F1A3-4946-A8D5-7B675168FAAC}.Debug|Any CPU.ActiveCfg = Debug|Any CPU
		{9A3D9F9D-F1A3-4946-A8D5-7B675168FAAC}.Debug|Any CPU.Build.0 = Debug|Any CPU
		{9A3D9F9D-F1A3-4946-A8D5-7B675168FAAC}.Release|Any CPU.ActiveCfg = Release|Any CPU
		{9A3D9F9D-F1A3-4946-A8D5-7B675168FAAC}.Release|Any CPU.Build.0 = Release|Any CPU
		{FD7C9884-41BD-4E9A-8964-947F25EF5800}.Debug|Any CPU.ActiveCfg = Debug|Any CPU
		{FD7C9884-41BD-4E9A-8964-947F25EF5800}.Debug|Any CPU.Build.0 = Debug|Any CPU
		{FD7C9884-41BD-4E9A-8964-947F25EF5800}.Release|Any CPU.ActiveCfg = Release|Any CPU
		{FD7C9884-41BD-4E9A-8964-947F25EF5800}.Release|Any CPU.Build.0 = Release|Any CPU
	EndGlobalSection
	GlobalSection(SolutionProperties) = preSolution
		HideSolutionNode = FALSE
	EndGlobalSection
	GlobalSection(ExtensibilityGlobals) = postSolution
		SolutionGuid = {9639EDFE-A6E7-4665-9371-4ECE6A6C2483}
	EndGlobalSection
EndGlobal
